// !$*UTF8*$!
{
	archiveVersion = 1;
	classes = {
	};
	objectVersion = 46;
	objects = {

/* Begin PBXBuildFile section */
		B93815631CE5801E004CE389 /* hexdreamsCocoa.framework in Frameworks */ = {isa = PBXBuildFile; fileRef = B938155E1CE58004004CE389 /* hexdreamsCocoa.framework */; };
		B9A7AFF91CE58F44008943BB /* hexdreamsCocoa.framework in Copy Frameworks */ = {isa = PBXBuildFile; fileRef = B938155E1CE58004004CE389 /* hexdreamsCocoa.framework */; settings = {ATTRIBUTES = (CodeSignOnCopy, RemoveHeadersOnCopy, ); }; };
		B9F68DD11A622D0E00B5B039 /* AppDelegate.swift in Sources */ = {isa = PBXBuildFile; fileRef = B9F68DD01A622D0E00B5B039 /* AppDelegate.swift */; };
		B9F68DD31A622D0E00B5B039 /* ViewController.swift in Sources */ = {isa = PBXBuildFile; fileRef = B9F68DD21A622D0E00B5B039 /* ViewController.swift */; };
		B9F68DD61A622D0E00B5B039 /* Main.storyboard in Resources */ = {isa = PBXBuildFile; fileRef = B9F68DD41A622D0E00B5B039 /* Main.storyboard */; };
		B9F68DD81A622D0E00B5B039 /* Images.xcassets in Resources */ = {isa = PBXBuildFile; fileRef = B9F68DD71A622D0E00B5B039 /* Images.xcassets */; };
		B9F68DDB1A622D0E00B5B039 /* LaunchScreen.xib in Resources */ = {isa = PBXBuildFile; fileRef = B9F68DD91A622D0E00B5B039 /* LaunchScreen.xib */; };
		B9F68DE71A622D0E00B5B039 /* PincherTests.swift in Sources */ = {isa = PBXBuildFile; fileRef = B9F68DE61A622D0E00B5B039 /* PincherTests.swift */; };
		B9F68E071A622EC000B5B039 /* PincherView.swift in Sources */ = {isa = PBXBuildFile; fileRef = B9F68E061A622EC000B5B039 /* PincherView.swift */; };
/* End PBXBuildFile section */

/* Begin PBXContainerItemProxy section */
		B938155D1CE58004004CE389 /* PBXContainerItemProxy */ = {
			isa = PBXContainerItemProxy;
			containerPortal = B93815581CE58004004CE389 /* hexdreamsCocoa.xcodeproj */;
			proxyType = 2;
			remoteGlobalIDString = B9218AEE1CC887A000A97389;
			remoteInfo = hexdreamsCocoa;
		};
		B938155F1CE58004004CE389 /* PBXContainerItemProxy */ = {
			isa = PBXContainerItemProxy;
			containerPortal = B93815581CE58004004CE389 /* hexdreamsCocoa.xcodeproj */;
			proxyType = 2;
			remoteGlobalIDString = B9218AF81CC887A000A97389;
			remoteInfo = hexdreamsCocoaTests;
		};
		B93815611CE58017004CE389 /* PBXContainerItemProxy */ = {
			isa = PBXContainerItemProxy;
			containerPortal = B93815581CE58004004CE389 /* hexdreamsCocoa.xcodeproj */;
			proxyType = 1;
			remoteGlobalIDString = B9218AED1CC887A000A97389;
			remoteInfo = hexdreamsCocoa;
		};
		B9F68DE11A622D0E00B5B039 /* PBXContainerItemProxy */ = {
			isa = PBXContainerItemProxy;
			containerPortal = B9F68DC31A622D0E00B5B039 /* Project object */;
			proxyType = 1;
			remoteGlobalIDString = B9F68DCA1A622D0E00B5B039;
			remoteInfo = Pincher;
		};
/* End PBXContainerItemProxy section */

/* Begin PBXCopyFilesBuildPhase section */
		B9A7AFF81CE58F31008943BB /* Copy Frameworks */ = {
			isa = PBXCopyFilesBuildPhase;
			buildActionMask = 2147483647;
			dstPath = "";
			dstSubfolderSpec = 10;
			files = (
				B9A7AFF91CE58F44008943BB /* hexdreamsCocoa.framework in Copy Frameworks */,
			);
			name = "Copy Frameworks";
			runOnlyForDeploymentPostprocessing = 0;
		};
/* End PBXCopyFilesBuildPhase section */

/* Begin PBXFileReference section */
		B93815581CE58004004CE389 /* hexdreamsCocoa.xcodeproj */ = {isa = PBXFileReference; lastKnownFileType = "wrapper.pb-project"; name = hexdreamsCocoa.xcodeproj; path = Submodules/hexdreamsCocoa/iOSProject/hexdreamsCocoa.xcodeproj; sourceTree = "<group>"; };
		B9F68DCB1A622D0E00B5B039 /* Pincher.app */ = {isa = PBXFileReference; explicitFileType = wrapper.application; includeInIndex = 0; path = Pincher.app; sourceTree = BUILT_PRODUCTS_DIR; };
		B9F68DCF1A622D0E00B5B039 /* Info.plist */ = {isa = PBXFileReference; lastKnownFileType = text.plist.xml; path = Info.plist; sourceTree = "<group>"; };
		B9F68DD01A622D0E00B5B039 /* AppDelegate.swift */ = {isa = PBXFileReference; lastKnownFileType = sourcecode.swift; path = AppDelegate.swift; sourceTree = "<group>"; };
		B9F68DD21A622D0E00B5B039 /* ViewController.swift */ = {isa = PBXFileReference; lastKnownFileType = sourcecode.swift; path = ViewController.swift; sourceTree = "<group>"; };
		B9F68DD51A622D0E00B5B039 /* Base */ = {isa = PBXFileReference; lastKnownFileType = file.storyboard; name = Base; path = Base.lproj/Main.storyboard; sourceTree = "<group>"; };
		B9F68DD71A622D0E00B5B039 /* Images.xcassets */ = {isa = PBXFileReference; lastKnownFileType = folder.assetcatalog; path = Images.xcassets; sourceTree = "<group>"; };
		B9F68DDA1A622D0E00B5B039 /* Base */ = {isa = PBXFileReference; lastKnownFileType = file.xib; name = Base; path = Base.lproj/LaunchScreen.xib; sourceTree = "<group>"; };
		B9F68DE01A622D0E00B5B039 /* PincherTests.xctest */ = {isa = PBXFileReference; explicitFileType = wrapper.cfbundle; includeInIndex = 0; path = PincherTests.xctest; sourceTree = BUILT_PRODUCTS_DIR; };
		B9F68DE51A622D0E00B5B039 /* Info.plist */ = {isa = PBXFileReference; lastKnownFileType = text.plist.xml; path = Info.plist; sourceTree = "<group>"; };
		B9F68DE61A622D0E00B5B039 /* PincherTests.swift */ = {isa = PBXFileReference; lastKnownFileType = sourcecode.swift; path = PincherTests.swift; sourceTree = "<group>"; };
		B9F68E061A622EC000B5B039 /* PincherView.swift */ = {isa = PBXFileReference; fileEncoding = 4; lastKnownFileType = sourcecode.swift; path = PincherView.swift; sourceTree = "<group>"; };
/* End PBXFileReference section */

/* Begin PBXFrameworksBuildPhase section */
		B9F68DC81A622D0E00B5B039 /* Frameworks */ = {
			isa = PBXFrameworksBuildPhase;
			buildActionMask = 2147483647;
			files = (
				B93815631CE5801E004CE389 /* hexdreamsCocoa.framework in Frameworks */,
			);
			runOnlyForDeploymentPostprocessing = 0;
		};
		B9F68DDD1A622D0E00B5B039 /* Frameworks */ = {
			isa = PBXFrameworksBuildPhase;
			buildActionMask = 2147483647;
			files = (
			);
			runOnlyForDeploymentPostprocessing = 0;
		};
/* End PBXFrameworksBuildPhase section */

/* Begin PBXGroup section */
		B93815591CE58004004CE389 /* Products */ = {
			isa = PBXGroup;
			children = (
				B938155E1CE58004004CE389 /* hexdreamsCocoa.framework */,
				B93815601CE58004004CE389 /* hexdreamsCocoaTests.xctest */,
			);
			name = Products;
			sourceTree = "<group>";
		};
		B9F68DC21A622D0E00B5B039 = {
			isa = PBXGroup;
			children = (
				B93815581CE58004004CE389 /* hexdreamsCocoa.xcodeproj */,
				B9F68DCD1A622D0E00B5B039 /* Pincher */,
				B9F68DE31A622D0E00B5B039 /* PincherTests */,
				B9F68DCC1A622D0E00B5B039 /* Products */,
			);
			sourceTree = "<group>";
		};
		B9F68DCC1A622D0E00B5B039 /* Products */ = {
			isa = PBXGroup;
			children = (
				B9F68DCB1A622D0E00B5B039 /* Pincher.app */,
				B9F68DE01A622D0E00B5B039 /* PincherTests.xctest */,
			);
			name = Products;
			sourceTree = "<group>";
		};
		B9F68DCD1A622D0E00B5B039 /* Pincher */ = {
			isa = PBXGroup;
			children = (
				B9F68E061A622EC000B5B039 /* PincherView.swift */,
				B9F68DD01A622D0E00B5B039 /* AppDelegate.swift */,
				B9F68DD21A622D0E00B5B039 /* ViewController.swift */,
				B9F68DD41A622D0E00B5B039 /* Main.storyboard */,
				B9F68DD71A622D0E00B5B039 /* Images.xcassets */,
				B9F68DD91A622D0E00B5B039 /* LaunchScreen.xib */,
				B9F68DCE1A622D0E00B5B039 /* Supporting Files */,
			);
			path = Pincher;
			sourceTree = "<group>";
		};
		B9F68DCE1A622D0E00B5B039 /* Supporting Files */ = {
			isa = PBXGroup;
			children = (
				B9F68DCF1A622D0E00B5B039 /* Info.plist */,
			);
			name = "Supporting Files";
			sourceTree = "<group>";
		};
		B9F68DE31A622D0E00B5B039 /* PincherTests */ = {
			isa = PBXGroup;
			children = (
				B9F68DE61A622D0E00B5B039 /* PincherTests.swift */,
				B9F68DE41A622D0E00B5B039 /* Supporting Files */,
			);
			path = PincherTests;
			sourceTree = "<group>";
		};
		B9F68DE41A622D0E00B5B039 /* Supporting Files */ = {
			isa = PBXGroup;
			children = (
				B9F68DE51A622D0E00B5B039 /* Info.plist */,
			);
			name = "Supporting Files";
			sourceTree = "<group>";
		};
/* End PBXGroup section */

/* Begin PBXNativeTarget section */
		B9F68DCA1A622D0E00B5B039 /* Pincher */ = {
			isa = PBXNativeTarget;
			buildConfigurationList = B9F68DEA1A622D0E00B5B039 /* Build configuration list for PBXNativeTarget "Pincher" */;
			buildPhases = (
				B9F68DC71A622D0E00B5B039 /* Sources */,
				B9F68DC81A622D0E00B5B039 /* Frameworks */,
				B9A7AFF81CE58F31008943BB /* Copy Frameworks */,
				B9F68DC91A622D0E00B5B039 /* Resources */,
			);
			buildRules = (
			);
			dependencies = (
				B93815621CE58017004CE389 /* PBXTargetDependency */,
			);
			name = Pincher;
			productName = Pincher;
			productReference = B9F68DCB1A622D0E00B5B039 /* Pincher.app */;
			productType = "com.apple.product-type.application";
		};
		B9F68DDF1A622D0E00B5B039 /* PincherTests */ = {
			isa = PBXNativeTarget;
			buildConfigurationList = B9F68DED1A622D0E00B5B039 /* Build configuration list for PBXNativeTarget "PincherTests" */;
			buildPhases = (
				B9F68DDC1A622D0E00B5B039 /* Sources */,
				B9F68DDD1A622D0E00B5B039 /* Frameworks */,
				B9F68DDE1A622D0E00B5B039 /* Resources */,
			);
			buildRules = (
			);
			dependencies = (
				B9F68DE21A622D0E00B5B039 /* PBXTargetDependency */,
			);
			name = PincherTests;
			productName = PincherTests;
			productReference = B9F68DE01A622D0E00B5B039 /* PincherTests.xctest */;
			productType = "com.apple.product-type.bundle.unit-test";
		};
/* End PBXNativeTarget section */

/* Begin PBXProject section */
		B9F68DC31A622D0E00B5B039 /* Project object */ = {
			isa = PBXProject;
			attributes = {
				LastSwiftMigration = 0730;
				LastSwiftUpdateCheck = 0730;
				LastUpgradeCheck = 0800;
				ORGANIZATIONNAME = Hexdreams;
				TargetAttributes = {
					B9F68DCA1A622D0E00B5B039 = {
						CreatedOnToolsVersion = 6.1.1;
						DevelopmentTeam = S4K89S6LAE;
						LastSwiftMigration = 0800;
					};
					B9F68DDF1A622D0E00B5B039 = {
						CreatedOnToolsVersion = 6.1.1;
						LastSwiftMigration = 0800;
						TestTargetID = B9F68DCA1A622D0E00B5B039;
					};
				};
			};
			buildConfigurationList = B9F68DC61A622D0E00B5B039 /* Build configuration list for PBXProject "Pincher" */;
			compatibilityVersion = "Xcode 3.2";
			developmentRegion = English;
			hasScannedForEncodings = 0;
			knownRegions = (
				en,
				Base,
			);
			mainGroup = B9F68DC21A622D0E00B5B039;
			productRefGroup = B9F68DCC1A622D0E00B5B039 /* Products */;
			projectDirPath = "";
			projectReferences = (
				{
					ProductGroup = B93815591CE58004004CE389 /* Products */;
					ProjectRef = B93815581CE58004004CE389 /* hexdreamsCocoa.xcodeproj */;
				},
			);
			projectRoot = "";
			targets = (
				B9F68DCA1A622D0E00B5B039 /* Pincher */,
				B9F68DDF1A622D0E00B5B039 /* PincherTests */,
			);
		};
/* End PBXProject section */

/* Begin PBXReferenceProxy section */
		B938155E1CE58004004CE389 /* hexdreamsCocoa.framework */ = {
			isa = PBXReferenceProxy;
			fileType = wrapper.framework;
			path = hexdreamsCocoa.framework;
			remoteRef = B938155D1CE58004004CE389 /* PBXContainerItemProxy */;
			sourceTree = BUILT_PRODUCTS_DIR;
		};
		B93815601CE58004004CE389 /* hexdreamsCocoaTests.xctest */ = {
			isa = PBXReferenceProxy;
			fileType = wrapper.cfbundle;
			path = hexdreamsCocoaTests.xctest;
			remoteRef = B938155F1CE58004004CE389 /* PBXContainerItemProxy */;
			sourceTree = BUILT_PRODUCTS_DIR;
		};
/* End PBXReferenceProxy section */

/* Begin PBXResourcesBuildPhase section */
		B9F68DC91A622D0E00B5B039 /* Resources */ = {
			isa = PBXResourcesBuildPhase;
			buildActionMask = 2147483647;
			files = (
				B9F68DD61A622D0E00B5B039 /* Main.storyboard in Resources */,
				B9F68DDB1A622D0E00B5B039 /* LaunchScreen.xib in Resources */,
				B9F68DD81A622D0E00B5B039 /* Images.xcassets in Resources */,
			);
			runOnlyForDeploymentPostprocessing = 0;
		};
		B9F68DDE1A622D0E00B5B039 /* Resources */ = {
			isa = PBXResourcesBuildPhase;
			buildActionMask = 2147483647;
			files = (
			);
			runOnlyForDeploymentPostprocessing = 0;
		};
/* End PBXResourcesBuildPhase section */

/* Begin PBXSourcesBuildPhase section */
		B9F68DC71A622D0E00B5B039 /* Sources */ = {
			isa = PBXSourcesBuildPhase;
			buildActionMask = 2147483647;
			files = (
				B9F68DD31A622D0E00B5B039 /* ViewController.swift in Sources */,
				B9F68DD11A622D0E00B5B039 /* AppDelegate.swift in Sources */,
				B9F68E071A622EC000B5B039 /* PincherView.swift in Sources */,
			);
			runOnlyForDeploymentPostprocessing = 0;
		};
		B9F68DDC1A622D0E00B5B039 /* Sources */ = {
			isa = PBXSourcesBuildPhase;
			buildActionMask = 2147483647;
			files = (
				B9F68DE71A622D0E00B5B039 /* PincherTests.swift in Sources */,
			);
			runOnlyForDeploymentPostprocessing = 0;
		};
/* End PBXSourcesBuildPhase section */

/* Begin PBXTargetDependency section */
		B93815621CE58017004CE389 /* PBXTargetDependency */ = {
			isa = PBXTargetDependency;
			name = hexdreamsCocoa;
			targetProxy = B93815611CE58017004CE389 /* PBXContainerItemProxy */;
		};
		B9F68DE21A622D0E00B5B039 /* PBXTargetDependency */ = {
			isa = PBXTargetDependency;
			target = B9F68DCA1A622D0E00B5B039 /* Pincher */;
			targetProxy = B9F68DE11A622D0E00B5B039 /* PBXContainerItemProxy */;
		};
/* End PBXTargetDependency section */

/* Begin PBXVariantGroup section */
		B9F68DD41A622D0E00B5B039 /* Main.storyboard */ = {
			isa = PBXVariantGroup;
			children = (
				B9F68DD51A622D0E00B5B039 /* Base */,
			);
			name = Main.storyboard;
			sourceTree = "<group>";
		};
		B9F68DD91A622D0E00B5B039 /* LaunchScreen.xib */ = {
			isa = PBXVariantGroup;
			children = (
				B9F68DDA1A622D0E00B5B039 /* Base */,
			);
			name = LaunchScreen.xib;
			sourceTree = "<group>";
		};
/* End PBXVariantGroup section */

/* Begin XCBuildConfiguration section */
		B9F68DE81A622D0E00B5B039 /* Debug */ = {
			isa = XCBuildConfiguration;
			buildSettings = {
				ALWAYS_SEARCH_USER_PATHS = NO;
				CLANG_CXX_LANGUAGE_STANDARD = "gnu++0x";
				CLANG_CXX_LIBRARY = "libc++";
				CLANG_ENABLE_MODULES = YES;
				CLANG_ENABLE_OBJC_ARC = YES;
				CLANG_WARN_BOOL_CONVERSION = YES;
				CLANG_WARN_CONSTANT_CONVERSION = YES;
				CLANG_WARN_DIRECT_OBJC_ISA_USAGE = YES_ERROR;
				CLANG_WARN_EMPTY_BODY = YES;
				CLANG_WARN_ENUM_CONVERSION = YES;
				CLANG_WARN_INFINITE_RECURSION = YES;
				CLANG_WARN_INT_CONVERSION = YES;
				CLANG_WARN_OBJC_ROOT_CLASS = YES_ERROR;
				CLANG_WARN_SUSPICIOUS_MOVE = YES;
				CLANG_WARN_UNREACHABLE_CODE = YES;
				CLANG_WARN__DUPLICATE_METHOD_MATCH = YES;
				"CODE_SIGN_IDENTITY[sdk=iphoneos*]" = "iPhone Developer";
				COPY_PHASE_STRIP = NO;
				ENABLE_STRICT_OBJC_MSGSEND = YES;
				ENABLE_TESTABILITY = YES;
				GCC_C_LANGUAGE_STANDARD = gnu99;
				GCC_DYNAMIC_NO_PIC = NO;
				GCC_NO_COMMON_BLOCKS = YES;
				GCC_OPTIMIZATION_LEVEL = 0;
				GCC_PREPROCESSOR_DEFINITIONS = (
					"DEBUG=1",
					"$(inherited)",
				);
				GCC_SYMBOLS_PRIVATE_EXTERN = NO;
				GCC_WARN_64_TO_32_BIT_CONVERSION = YES;
				GCC_WARN_ABOUT_RETURN_TYPE = YES_ERROR;
				GCC_WARN_UNDECLARED_SELECTOR = YES;
				GCC_WARN_UNINITIALIZED_AUTOS = YES_AGGRESSIVE;
				GCC_WARN_UNUSED_FUNCTION = YES;
				GCC_WARN_UNUSED_VARIABLE = YES;
				IPHONEOS_DEPLOYMENT_TARGET = 9.0;
				MTL_ENABLE_DEBUG_INFO = YES;
				ONLY_ACTIVE_ARCH = YES;
				SDKROOT = iphoneos;
				SWIFT_OPTIMIZATION_LEVEL = "-Onone";
				TARGETED_DEVICE_FAMILY = "1,2";
			};
			name = Debug;
		};
		B9F68DE91A622D0E00B5B039 /* Release */ = {
			isa = XCBuildConfiguration;
			buildSettings = {
				ALWAYS_SEARCH_USER_PATHS = NO;
				CLANG_CXX_LANGUAGE_STANDARD = "gnu++0x";
				CLANG_CXX_LIBRARY = "libc++";
				CLANG_ENABLE_MODULES = YES;
				CLANG_ENABLE_OBJC_ARC = YES;
				CLANG_WARN_BOOL_CONVERSION = YES;
				CLANG_WARN_CONSTANT_CONVERSION = YES;
				CLANG_WARN_DIRECT_OBJC_ISA_USAGE = YES_ERROR;
				CLANG_WARN_EMPTY_BODY = YES;
				CLANG_WARN_ENUM_CONVERSION = YES;
				CLANG_WARN_INFINITE_RECURSION = YES;
				CLANG_WARN_INT_CONVERSION = YES;
				CLANG_WARN_OBJC_ROOT_CLASS = YES_ERROR;
				CLANG_WARN_SUSPICIOUS_MOVE = YES;
				CLANG_WARN_UNREACHABLE_CODE = YES;
				CLANG_WARN__DUPLICATE_METHOD_MATCH = YES;
				"CODE_SIGN_IDENTITY[sdk=iphoneos*]" = "iPhone Developer";
				COPY_PHASE_STRIP = YES;
				ENABLE_NS_ASSERTIONS = NO;
				ENABLE_STRICT_OBJC_MSGSEND = YES;
				GCC_C_LANGUAGE_STANDARD = gnu99;
				GCC_NO_COMMON_BLOCKS = YES;
				GCC_WARN_64_TO_32_BIT_CONVERSION = YES;
				GCC_WARN_ABOUT_RETURN_TYPE = YES_ERROR;
				GCC_WARN_UNDECLARED_SELECTOR = YES;
				GCC_WARN_UNINITIALIZED_AUTOS = YES_AGGRESSIVE;
				GCC_WARN_UNUSED_FUNCTION = YES;
				GCC_WARN_UNUSED_VARIABLE = YES;
				IPHONEOS_DEPLOYMENT_TARGET = 9.0;
				MTL_ENABLE_DEBUG_INFO = NO;
				SDKROOT = iphoneos;
				SWIFT_OPTIMIZATION_LEVEL = "-Owholemodule";
				TARGETED_DEVICE_FAMILY = "1,2";
				VALIDATE_PRODUCT = YES;
			};
			name = Release;
		};
		B9F68DEB1A622D0E00B5B039 /* Debug */ = {
			isa = XCBuildConfiguration;
			buildSettings = {
				ASSETCATALOG_COMPILER_APPICON_NAME = AppIcon;
				CODE_SIGN_IDENTITY = "iPhone Developer";
				"CODE_SIGN_IDENTITY[sdk=iphoneos*]" = "iPhone Developer";
				INFOPLIST_FILE = Pincher/Info.plist;
				LD_RUNPATH_SEARCH_PATHS = "$(inherited) @executable_path/Frameworks";
				PRODUCT_BUNDLE_IDENTIFIER = "com.hexdreams.$(PRODUCT_NAME:rfc1034identifier)";
				PRODUCT_NAME = "$(TARGET_NAME)";
				PROVISIONING_PROFILE = "";
				SWIFT_VERSION = 3.0;
			};
			name = Debug;
		};
		B9F68DEC1A622D0E00B5B039 /* Release */ = {
			isa = XCBuildConfiguration;
			buildSettings = {
				ASSETCATALOG_COMPILER_APPICON_NAME = AppIcon;
				CODE_SIGN_IDENTITY = "iPhone Developer";
				"CODE_SIGN_IDENTITY[sdk=iphoneos*]" = "iPhone Developer";
				INFOPLIST_FILE = Pincher/Info.plist;
				LD_RUNPATH_SEARCH_PATHS = "$(inherited) @executable_path/Frameworks";
				PRODUCT_BUNDLE_IDENTIFIER = "com.hexdreams.$(PRODUCT_NAME:rfc1034identifier)";
				PRODUCT_NAME = "$(TARGET_NAME)";
				PROVISIONING_PROFILE = "";
				SWIFT_VERSION = 3.0;
			};
			name = Release;
		};
		B9F68DEE1A622D0E00B5B039 /* Debug */ = {
			isa = XCBuildConfiguration;
			buildSettings = {
				BUNDLE_LOADER = "$(TEST_HOST)";
				FRAMEWORK_SEARCH_PATHS = "$(inherited)";
				GCC_PREPROCESSOR_DEFINITIONS = (
					"DEBUG=1",
					"$(inherited)",
				);
				INFOPLIST_FILE = PincherTests/Info.plist;
				LD_RUNPATH_SEARCH_PATHS = "$(inherited) @executable_path/Frameworks @loader_path/Frameworks";
				PRODUCT_BUNDLE_IDENTIFIER = "com.hexdreams.$(PRODUCT_NAME:rfc1034identifier)";
				PRODUCT_NAME = "$(TARGET_NAME)";
				SWIFT_VERSION = 3.0;
				TEST_HOST = "$(BUILT_PRODUCTS_DIR)/Pincher.app/Pincher";
			};
			name = Debug;
		};
		B9F68DEF1A622D0E00B5B039 /* Release */ = {
			isa = XCBuildConfiguration;
			buildSettings = {
				BUNDLE_LOADER = "$(TEST_HOST)";
				FRAMEWORK_SEARCH_PATHS = "$(inherited)";
				INFOPLIST_FILE = PincherTests/Info.plist;
				LD_RUNPATH_SEARCH_PATHS = "$(inherited) @executable_path/Frameworks @loader_path/Frameworks";
				PRODUCT_BUNDLE_IDENTIFIER = "com.hexdreams.$(PRODUCT_NAME:rfc1034identifier)";
				PRODUCT_NAME = "$(TARGET_NAME)";
				SWIFT_VERSION = 3.0;
				TEST_HOST = "$(BUILT_PRODUCTS_DIR)/Pincher.app/Pincher";
			};
			name = Release;
		};
/* End XCBuildConfiguration section */

/* Begin XCConfigurationList section */
		B9F68DC61A622D0E00B5B039 /* Build configuration list for PBXProject "Pincher" */ = {
			isa = XCConfigurationList;
			buildConfigurations = (
				B9F68DE81A622D0E00B5B039 /* Debug */,
				B9F68DE91A622D0E00B5B039 /* Release */,
			);
			defaultConfigurationIsVisible = 0;
			defaultConfigurationName = Release;
		};
		B9F68DEA1A622D0E00B5B039 /* Build configuration list for PBXNativeTarget "Pincher" */ = {
			isa = XCConfigurationList;
			buildConfigurations = (
				B9F68DEB1A622D0E00B5B039 /* Debug */,
				B9F68DEC1A622D0E00B5B039 /* Release */,
			);
			defaultConfigurationIsVisible = 0;
			defaultConfigurationName = Release;
		};
		B9F68DED1A622D0E00B5B039 /* Build configuration list for PBXNativeTarget "PincherTests" */ = {
			isa = XCConfigurationList;
			buildConfigurations = (
				B9F68DEE1A622D0E00B5B039 /* Debug */,
				B9F68DEF1A622D0E00B5B039 /* Release */,
			);
			defaultConfigurationIsVisible = 0;
			defaultConfigurationName = Release;
		};
/* End XCConfigurationList section */
	};
	rootObject = B9F68DC31A622D0E00B5B039 /* Project object */;
}
